
Microsoft Visual Studio Solution File, Format Version 12.00
# Visual Studio 14
VisualStudioVersion = 14.0.25420.1
MinimumVisualStudioVersion = 10.0.40219.1
Project("{FAE04EC0-301F-11D3-BF4B-00C04F79EFBC}") = "KinectV2Server", "KinectV2Server\KinectV2Server.csproj", "{87B755B5-FADA-46A1-817A-662EC3981CD3}"
EndProject
Project("{FAE04EC0-301F-11D3-BF4B-00C04F79EFBC}") = "ConsoleTextBox", "ConsoleTextBox\ConsoleTextBox.csproj", "{8568397F-55B7-450E-9348-802853E489B9}"
EndProject
Project("{FAE04EC0-301F-11D3-BF4B-00C04F79EFBC}") = "ProCamEnsembleCalibrationLib", "ProCamEnsembleCalibrationLib\ProCamEnsembleCalibrationLib.csproj", "{D8A7FB2F-F8FD-4489-AA7B-82B57B12D6F1}"
EndProject
Global
	GlobalSection(SolutionConfigurationPlatforms) = preSolution
		Debug|Any CPU = Debug|Any CPU
		Debug|ARM = Debug|ARM
		Debug|Mixed Platforms = Debug|Mixed Platforms
		Debug|Win32 = Debug|Win32
		Debug|x64 = Debug|x64
		Debug|x86 = Debug|x86
		Release|Any CPU = Release|Any CPU
		Release|ARM = Release|ARM
		Release|Mixed Platforms = Release|Mixed Platforms
		Release|Win32 = Release|Win32
		Release|x64 = Release|x64
		Release|x86 = Release|x86
	EndGlobalSection
	GlobalSection(ProjectConfigurationPlatforms) = postSolution
		{87B755B5-FADA-46A1-817A-662EC3981CD3}.Debug|Any CPU.ActiveCfg = Debug|Any CPU
		{87B755B5-FADA-46A1-817A-662EC3981CD3}.Debug|Any CPU.Build.0 = Debug|Any CPU
		{87B755B5-FADA-46A1-817A-662EC3981CD3}.Debug|ARM.ActiveCfg = Debug|Any CPU
		{87B755B5-FADA-46A1-817A-662EC3981CD3}.Debug|Mixed Platforms.ActiveCfg = Debug|x64
		{87B755B5-FADA-46A1-817A-662EC3981CD3}.Debug|Mixed Platforms.Build.0 = Debug|x64
		{87B755B5-FADA-46A1-817A-662EC3981CD3}.Debug|Win32.ActiveCfg = Debug|Any CPU
		{87B755B5-FADA-46A1-817A-662EC3981CD3}.Debug|x64.ActiveCfg = Debug|x64
		{87B755B5-FADA-46A1-817A-662EC3981CD3}.Debug|x64.Build.0 = Debug|x64
		{87B755B5-FADA-46A1-817A-662EC3981CD3}.Debug|x86.ActiveCfg = Debug|Any CPU
		{87B755B5-FADA-46A1-817A-662EC3981CD3}.Release|Any CPU.ActiveCfg = Release|Any CPU
		{87B755B5-FADA-46A1-817A-662EC3981CD3}.Release|Any CPU.Build.0 = Release|Any CPU
		{87B755B5-FADA-46A1-817A-662EC3981CD3}.Release|ARM.ActiveCfg = Release|Any CPU
		{87B755B5-FADA-46A1-817A-662EC3981CD3}.Release|Mixed Platforms.ActiveCfg = Release|x64
		{87B755B5-FADA-46A1-817A-662EC3981CD3}.Release|Mixed Platforms.Build.0 = Release|x64
		{87B755B5-FADA-46A1-817A-662EC3981CD3}.Release|Win32.ActiveCfg = Release|Any CPU
		{87B755B5-FADA-46A1-817A-662EC3981CD3}.Release|x64.ActiveCfg = Release|Any CPU
		{87B755B5-FADA-46A1-817A-662EC3981CD3}.Release|x64.Build.0 = Release|Any CPU
		{87B755B5-FADA-46A1-817A-662EC3981CD3}.Release|x86.ActiveCfg = Release|Any CPU
		{8568397F-55B7-450E-9348-802853E489B9}.Debug|Any CPU.ActiveCfg = Debug|Any CPU
		{8568397F-55B7-450E-9348-802853E489B9}.Debug|Any CPU.Build.0 = Debug|Any CPU
		{8568397F-55B7-450E-9348-802853E489B9}.Debug|ARM.ActiveCfg = Debug|Any CPU
		{8568397F-55B7-450E-9348-802853E489B9}.Debug|ARM.Build.0 = Debug|Any CPU
		{8568397F-55B7-450E-9348-802853E489B9}.Debug|Mixed Platforms.ActiveCfg = Debug|Any CPU
		{8568397F-55B7-450E-9348-802853E489B9}.Debug|Mixed Platforms.Build.0 = Debug|Any CPU
		{8568397F-55B7-450E-9348-802853E489B9}.Debug|Win32.ActiveCfg = Debug|Any CPU
		{8568397F-55B7-450E-9348-802853E489B9}.Debug|Win32.Build.0 = Debug|Any CPU
		{8568397F-55B7-450E-9348-802853E489B9}.Debug|x64.ActiveCfg = Debug|Any CPU
		{8568397F-55B7-450E-9348-802853E489B9}.Debug|x64.Build.0 = Debug|Any CPU
		{8568397F-55B7-450E-9348-802853E489B9}.Debug|x86.ActiveCfg = Debug|Any CPU
		{8568397F-55B7-450E-9348-802853E489B9}.Debug|x86.Build.0 = Debug|Any CPU
		{8568397F-55B7-450E-9348-802853E489B9}.Release|Any CPU.ActiveCfg = Release|Any CPU
		{8568397F-55B7-450E-9348-802853E489B9}.Release|Any CPU.Build.0 = Release|Any CPU
		{8568397F-55B7-450E-9348-802853E489B9}.Release|ARM.ActiveCfg = Release|Any CPU
		{8568397F-55B7-450E-9348-802853E489B9}.Release|ARM.Build.0 = Release|Any CPU
		{8568397F-55B7-450E-9348-802853E489B9}.Release|Mixed Platforms.ActiveCfg = Release|Any CPU
		{8568397F-55B7-450E-9348-802853E489B9}.Release|Mixed Platforms.Build.0 = Release|Any CPU
		{8568397F-55B7-450E-9348-802853E489B9}.Release|Win32.ActiveCfg = Release|Any CPU
		{8568397F-55B7-450E-9348-802853E489B9}.Release|Win32.Build.0 = Release|Any CPU
		{8568397F-55B7-450E-9348-802853E489B9}.Release|x64.ActiveCfg = Release|Any CPU
		{8568397F-55B7-450E-9348-802853E489B9}.Release|x64.Build.0 = Release|Any CPU
		{8568397F-55B7-450E-9348-802853E489B9}.Release|x86.ActiveCfg = Release|Any CPU
		{8568397F-55B7-450E-9348-802853E489B9}.Release|x86.Build.0 = Release|Any CPU
		{D8A7FB2F-F8FD-4489-AA7B-82B57B12D6F1}.Debug|Any CPU.ActiveCfg = Debug|Any CPU
		{D8A7FB2F-F8FD-4489-AA7B-82B57B12D6F1}.Debug|Any CPU.Build.0 = Debug|Any CPU
		{D8A7FB2F-F8FD-4489-AA7B-82B57B12D6F1}.Debug|ARM.ActiveCfg = Debug|Any CPU
		{D8A7FB2F-F8FD-4489-AA7B-82B57B12D6F1}.Debug|ARM.Build.0 = Debug|Any CPU
		{D8A7FB2F-F8FD-4489-AA7B-82B57B12D6F1}.Debug|Mixed Platforms.ActiveCfg = Debug|Any CPU
		{D8A7FB2F-F8FD-4489-AA7B-82B57B12D6F1}.Debug|Mixed Platforms.Build.0 = Debug|Any CPU
		{D8A7FB2F-F8FD-4489-AA7B-82B57B12D6F1}.Debug|Win32.ActiveCfg = Debug|Any CPU
		{D8A7FB2F-F8FD-4489-AA7B-82B57B12D6F1}.Debug|Win32.Build.0 = Debug|Any CPU
		{D8A7FB2F-F8FD-4489-AA7B-82B57B12D6F1}.Debug|x64.ActiveCfg = Debug|Any CPU
		{D8A7FB2F-F8FD-4489-AA7B-82B57B12D6F1}.Debug|x64.Build.0 = Debug|Any CPU
		{D8A7FB2F-F8FD-4489-AA7B-82B57B12D6F1}.Debug|x86.ActiveCfg = Debug|Any CPU
		{D8A7FB2F-F8FD-4489-AA7B-82B57B12D6F1}.Debug|x86.Build.0 = Debug|Any CPU
		{D8A7FB2F-F8FD-4489-AA7B-82B57B12D6F1}.Release|Any CPU.ActiveCfg = Release|Any CPU
		{D8A7FB2F-F8FD-4489-AA7B-82B57B12D6F1}.Release|Any CPU.Build.0 = Release|Any CPU
		{D8A7FB2F-F8FD-4489-AA7B-82B57B12D6F1}.Release|ARM.ActiveCfg = Release|Any CPU
		{D8A7FB2F-F8FD-4489-AA7B-82B57B12D6F1}.Release|ARM.Build.0 = Release|Any CPU
		{D8A7FB2F-F8FD-4489-AA7B-82B57B12D6F1}.Release|Mixed Platforms.ActiveCfg = Release|Any CPU
		{D8A7FB2F-F8FD-4489-AA7B-82B57B12D6F1}.Release|Mixed Platforms.Build.0 = Release|Any CPU
		{D8A7FB2F-F8FD-4489-AA7B-82B57B12D6F1}.Release|Win32.ActiveCfg = Release|Any CPU
		{D8A7FB2F-F8FD-4489-AA7B-82B57B12D6F1}.Release|Win32.Build.0 = Release|Any CPU
		{D8A7FB2F-F8FD-4489-AA7B-82B57B12D6F1}.Release|x64.ActiveCfg = Release|Any CPU
		{D8A7FB2F-F8FD-4489-AA7B-82B57B12D6F1}.Release|x64.Build.0 = Release|Any CPU
		{D8A7FB2F-F8FD-4489-AA7B-82B57B12D6F1}.Release|x86.ActiveCfg = Release|Any CPU
		{D8A7FB2F-F8FD-4489-AA7B-82B57B12D6F1}.Release|x86.Build.0 = Release|Any CPU
	EndGlobalSection
	GlobalSection(SolutionProperties) = preSolution
		HideSolutionNode = FALSE
	EndGlobalSection
EndGlobal
