
Microsoft Visual Studio Solution File, Format Version 12.00
# Visual Studio 2015
Project("{FAE04EC0-301F-11D3-BF4B-00C04F79EFBC}") = "RoomAliveUnity", "RoomAliveUnity.csproj", "{F0013BC6-14D2-782C-103E-098681D811FD}"
EndProject
Project("{FAE04EC0-301F-11D3-BF4B-00C04F79EFBC}") = "RoomAliveUnity.Editor", "RoomAliveUnity.Editor.csproj", "{366A95A5-03BF-FB6A-8486-FCD1ABE8D7DD}"
EndProject
Global
	GlobalSection(SolutionConfigurationPlatforms) = preSolution
		Debug|Any CPU = Debug|Any CPU
		Release|Any CPU = Release|Any CPU
	EndGlobalSection
	GlobalSection(ProjectConfigurationPlatforms) = postSolution
		{F0013BC6-14D2-782C-103E-098681D811FD}.Debug|Any CPU.ActiveCfg = Debug|Any CPU
		{F0013BC6-14D2-782C-103E-098681D811FD}.Debug|Any CPU.Build.0 = Debug|Any CPU
		{F0013BC6-14D2-782C-103E-098681D811FD}.Release|Any CPU.ActiveCfg = Release|Any CPU
		{F0013BC6-14D2-782C-103E-098681D811FD}.Release|Any CPU.Build.0 = Release|Any CPU
		{366A95A5-03BF-FB6A-8486-FCD1ABE8D7DD}.Debug|Any CPU.ActiveCfg = Debug|Any CPU
		{366A95A5-03BF-FB6A-8486-FCD1ABE8D7DD}.Debug|Any CPU.Build.0 = Debug|Any CPU
		{366A95A5-03BF-FB6A-8486-FCD1ABE8D7DD}.Release|Any CPU.ActiveCfg = Release|Any CPU
		{366A95A5-03BF-FB6A-8486-FCD1ABE8D7DD}.Release|Any CPU.Build.0 = Release|Any CPU
	EndGlobalSection
	GlobalSection(SolutionProperties) = preSolution
		HideSolutionNode = FALSE
	EndGlobalSection
EndGlobal
