<?xml version="1.0" encoding="utf-8"?>
<Project ToolsVersion="4.0" xmlns="http://schemas.microsoft.com/developer/msbuild/2003">
  <ItemGroup>
    <Filter Include="Source Files">
      <UniqueIdentifier>{4FC737F1-C7A5-4376-A066-2A32D752A2FF}</UniqueIdentifier>
      <Extensions>cpp;c;cc;cxx;def;odl;idl;hpj;bat;asm;asmx</Extensions>
    </Filter>
  </ItemGroup>
  <ItemGroup>
    <FxCompile Include="DepthAndColorGS.hlsl">
      <Filter>Source Files</Filter>
    </FxCompile>
    <FxCompile Include="DepthAndColorPS.hlsl">
      <Filter>Source Files</Filter>
    </FxCompile>
    <FxCompile Include="DepthAndColorVS.hlsl">
      <Filter>Source Files</Filter>
    </FxCompile>
    <FxCompile Include="FromUIntPS.hlsl">
      <Filter>Source Files</Filter>
    </FxCompile>
    <FxCompile Include="FullScreenQuadVS.hlsl">
      <Filter>Source Files</Filter>
    </FxCompile>
    <FxCompile Include="BilateralFilterPS.hlsl">
      <Filter>Source Files</Filter>
    </FxCompile>
    <FxCompile Include="PassThroughPS.hlsl">
      <Filter>Source Files</Filter>
    </FxCompile>
    <FxCompile Include="MeshVS.hlsl">
      <Filter>Source Files</Filter>
    </FxCompile>
    <FxCompile Include="MeshPS.hlsl">
      <Filter>Source Files</Filter>
    </FxCompile>
    <FxCompile Include="MeshWithTexturePS.hlsl">
      <Filter>Source Files</Filter>
    </FxCompile>
    <FxCompile Include="DepthAndColorFloatVS.hlsl">
      <Filter>Source Files</Filter>
    </FxCompile>
    <FxCompile Include="RadialWobblePS.hlsl">
      <Filter>Source Files</Filter>
    </FxCompile>
    <FxCompile Include="DepthAndProjectiveTextureVS.hlsl">
      <Filter>Source Files</Filter>
    </FxCompile>
    <FxCompile Include="DepthMapsVS.hlsl" />
    <FxCompile Include="DepthMapsGS.hlsl" />
    <FxCompile Include="DepthMapsPS.hlsl" />
  </ItemGroup>
</Project>